Microsoft Visual Studio Solution File, Format Version 12.00
# Visual Studio Version 17
VisualStudioVersion = 17.0.31903.59
MinimumVisualStudioVersion = 10.0.40219.1
Project("{FAE04EC0-301F-11D3-BF4B-00C04F79EFBC}") = "GridPowerTycoon.Core", "src\GridPowerTycoon.Core\GridPowerTycoon.Core.csproj", "{D6E2C411-91D6-4A83-884C-24F3E1880F1D}"
EndProject
Project("{FAE04EC0-301F-11D3-BF4B-00C04F79EFBC}") = "GridPowerTycoon.MonoGame", "src\GridPowerTycoon.MonoGame\GridPowerTycoon.MonoGame.csproj", "{3F5AF5AE-2149-4ED8-91E7-2BB3329CB5A6}"
EndProject
Project("{FAE04EC0-301F-11D3-BF4B-00C04F79EFBC}") = "GridPowerTycoon.Core.Tests", "tests\GridPowerTycoon.Core.Tests\GridPowerTycoon.Core.Tests.csproj", "{20AF0FD7-4268-4ABF-B654-B5C448A132B6}"
EndProject
Global
    GlobalSection(SolutionConfigurationPlatforms) = preSolution
        Debug|Any CPU = Debug|Any CPU
        Release|Any CPU = Release|Any CPU
    EndGlobalSection
    GlobalSection(ProjectConfigurationPlatforms) = postSolution
        {D6E2C411-91D6-4A83-884C-24F3E1880F1D}.Debug|Any CPU.ActiveCfg = Debug|Any CPU
        {D6E2C411-91D6-4A83-884C-24F3E1880F1D}.Debug|Any CPU.Build.0 = Debug|Any CPU
        {D6E2C411-91D6-4A83-884C-24F3E1880F1D}.Release|Any CPU.ActiveCfg = Release|Any CPU
        {D6E2C411-91D6-4A83-884C-24F3E1880F1D}.Release|Any CPU.Build.0 = Release|Any CPU
        {3F5AF5AE-2149-4ED8-91E7-2BB3329CB5A6}.Debug|Any CPU.ActiveCfg = Debug|Any CPU
        {3F5AF5AE-2149-4ED8-91E7-2BB3329CB5A6}.Debug|Any CPU.Build.0 = Debug|Any CPU
        {3F5AF5AE-2149-4ED8-91E7-2BB3329CB5A6}.Release|Any CPU.ActiveCfg = Release|Any CPU
        {3F5AF5AE-2149-4ED8-91E7-2BB3329CB5A6}.Release|Any CPU.Build.0 = Release|Any CPU
        {20AF0FD7-4268-4ABF-B654-B5C448A132B6}.Debug|Any CPU.ActiveCfg = Debug|Any CPU
        {20AF0FD7-4268-4ABF-B654-B5C448A132B6}.Debug|Any CPU.Build.0 = Debug|Any CPU
        {20AF0FD7-4268-4ABF-B654-B5C448A132B6}.Release|Any CPU.ActiveCfg = Release|Any CPU
        {20AF0FD7-4268-4ABF-B654-B5C448A132B6}.Release|Any CPU.Build.0 = Release|Any CPU
    EndGlobalSection
EndGlobal
